
Microsoft Visual Studio Solution File, Format Version 12.00
# Visual Studio Version 16
VisualStudioVersion = 16.0.31321.278
MinimumVisualStudioVersion = 10.0.40219.1
Project("{FAE04EC0-301F-11D3-BF4B-00C04F79EFBC}") = "CQRS.WebApi", "CQRS.WebApi\CQRS.WebApi.csproj", "{C046429D-0C73-45ED-8B70-19DA3C1182E3}"
EndProject
Global
	GlobalSection(SolutionConfigurationPlatforms) = preSolution
		Debug|Any CPU = Debug|Any CPU
		Release|Any CPU = Release|Any CPU
	EndGlobalSection
	GlobalSection(ProjectConfigurationPlatforms) = postSolution
		{C046429D-0C73-45ED-8B70-19DA3C1182E3}.Debug|Any CPU.ActiveCfg = Debug|Any CPU
		{C046429D-0C73-45ED-8B70-19DA3C1182E3}.Debug|Any CPU.Build.0 = Debug|Any CPU
		{C046429D-0C73-45ED-8B70-19DA3C1182E3}.Release|Any CPU.ActiveCfg = Release|Any CPU
		{C046429D-0C73-45ED-8B70-19DA3C1182E3}.Release|Any CPU.Build.0 = Release|Any CPU
	EndGlobalSection
	GlobalSection(SolutionProperties) = preSolution
		HideSolutionNode = FALSE
	EndGlobalSection
	GlobalSection(ExtensibilityGlobals) = postSolution
		SolutionGuid = {F161AF11-CB3A-4142-A1EC-B2E91AFEF7F9}
	EndGlobalSection
EndGlobal
